
Microsoft Visual Studio Solution File, Format Version 12.00
# Visual Studio Version 17
VisualStudioVersion = 17.11.35208.52
MinimumVisualStudioVersion = 10.0.40219.1
Project("{FAE04EC0-301F-11D3-BF4B-00C04F79EFBC}") = "ThriveraApp", "ThriveraApp\ThriveraApp.csproj", "{55DB83A5-07B7-44E8-AF9A-BAE56B0FF330}"
EndProject
Project("{FAE04EC0-301F-11D3-BF4B-00C04F79EFBC}") = "Core", "Core\Core.csproj", "{1E0DEAB7-6F6E-4013-B9D9-0E40319CB5CA}"
EndProject
Project("{FAE04EC0-301F-11D3-BF4B-00C04F79EFBC}") = "Infrastructure", "Infrastructure\Infrastructure.csproj", "{75FF7024-05FB-49EF-8D77-14DC508821CD}"
EndProject
Project("{FAE04EC0-301F-11D3-BF4B-00C04F79EFBC}") = "Services", "Services\Services.csproj", "{FDD8738E-64EA-42DF-8BEB-5612F7885200}"
EndProject
Project("{FAE04EC0-301F-11D3-BF4B-00C04F79EFBC}") = "Common", "Common\Common.csproj", "{D83D961F-77C7-47DF-A53F-F6BA4858DA3B}"
EndProject
Global
	GlobalSection(SolutionConfigurationPlatforms) = preSolution
		Debug|Any CPU = Debug|Any CPU
		Release|Any CPU = Release|Any CPU
	EndGlobalSection
	GlobalSection(ProjectConfigurationPlatforms) = postSolution
		{55DB83A5-07B7-44E8-AF9A-BAE56B0FF330}.Debug|Any CPU.ActiveCfg = Debug|Any CPU
		{55DB83A5-07B7-44E8-AF9A-BAE56B0FF330}.Debug|Any CPU.Build.0 = Debug|Any CPU
		{55DB83A5-07B7-44E8-AF9A-BAE56B0FF330}.Release|Any CPU.ActiveCfg = Release|Any CPU
		{55DB83A5-07B7-44E8-AF9A-BAE56B0FF330}.Release|Any CPU.Build.0 = Release|Any CPU
		{1E0DEAB7-6F6E-4013-B9D9-0E40319CB5CA}.Debug|Any CPU.ActiveCfg = Debug|Any CPU
		{1E0DEAB7-6F6E-4013-B9D9-0E40319CB5CA}.Debug|Any CPU.Build.0 = Debug|Any CPU
		{1E0DEAB7-6F6E-4013-B9D9-0E40319CB5CA}.Release|Any CPU.ActiveCfg = Release|Any CPU
		{1E0DEAB7-6F6E-4013-B9D9-0E40319CB5CA}.Release|Any CPU.Build.0 = Release|Any CPU
		{75FF7024-05FB-49EF-8D77-14DC508821CD}.Debug|Any CPU.ActiveCfg = Debug|Any CPU
		{75FF7024-05FB-49EF-8D77-14DC508821CD}.Debug|Any CPU.Build.0 = Debug|Any CPU
		{75FF7024-05FB-49EF-8D77-14DC508821CD}.Release|Any CPU.ActiveCfg = Release|Any CPU
		{75FF7024-05FB-49EF-8D77-14DC508821CD}.Release|Any CPU.Build.0 = Release|Any CPU
		{FDD8738E-64EA-42DF-8BEB-5612F7885200}.Debug|Any CPU.ActiveCfg = Debug|Any CPU
		{FDD8738E-64EA-42DF-8BEB-5612F7885200}.Debug|Any CPU.Build.0 = Debug|Any CPU
		{FDD8738E-64EA-42DF-8BEB-5612F7885200}.Release|Any CPU.ActiveCfg = Release|Any CPU
		{FDD8738E-64EA-42DF-8BEB-5612F7885200}.Release|Any CPU.Build.0 = Release|Any CPU
		{D83D961F-77C7-47DF-A53F-F6BA4858DA3B}.Debug|Any CPU.ActiveCfg = Debug|Any CPU
		{D83D961F-77C7-47DF-A53F-F6BA4858DA3B}.Debug|Any CPU.Build.0 = Debug|Any CPU
		{D83D961F-77C7-47DF-A53F-F6BA4858DA3B}.Release|Any CPU.ActiveCfg = Release|Any CPU
		{D83D961F-77C7-47DF-A53F-F6BA4858DA3B}.Release|Any CPU.Build.0 = Release|Any CPU
	EndGlobalSection
	GlobalSection(SolutionProperties) = preSolution
		HideSolutionNode = FALSE
	EndGlobalSection
	GlobalSection(ExtensibilityGlobals) = postSolution
		SolutionGuid = {1032C19A-581E-4CFC-A61B-49A245676272}
	EndGlobalSection
EndGlobal
